// !$*UTF8*$!
{
	archiveVersion = 1;
	classes = {
	};
	objectVersion = 50;
	objects = {

/* Begin PBXBuildFile section */
		1249934028BDBE06FB595987 /* Pods_Gonzaga_News.framework in Frameworks */ = {isa = PBXBuildFile; fileRef = DDD8367224D7C5BBBD452DE5 /* Pods_Gonzaga_News.framework */; };
		3F0506B469D88D3465CB4D53 /* Pods_Gonzaga_NewsUITests.framework in Frameworks */ = {isa = PBXBuildFile; fileRef = 0D6AAC2269B99934F39E1C52 /* Pods_Gonzaga_NewsUITests.framework */; };
		623652E2227A8FF20066CDE7 /* AppDelegate.swift in Sources */ = {isa = PBXBuildFile; fileRef = 623652E1227A8FF20066CDE7 /* AppDelegate.swift */; };
		623652E4227A8FF20066CDE7 /* ViewController.swift in Sources */ = {isa = PBXBuildFile; fileRef = 623652E3227A8FF20066CDE7 /* ViewController.swift */; };
		623652E9227A8FF30066CDE7 /* Assets.xcassets in Resources */ = {isa = PBXBuildFile; fileRef = 623652E8227A8FF30066CDE7 /* Assets.xcassets */; };
		623652EC227A8FF30066CDE7 /* LaunchScreen.storyboard in Resources */ = {isa = PBXBuildFile; fileRef = 623652EA227A8FF30066CDE7 /* LaunchScreen.storyboard */; };
		623652F7227A8FF30066CDE7 /* Gonzaga_NewsTests.swift in Sources */ = {isa = PBXBuildFile; fileRef = 623652F6227A8FF30066CDE7 /* Gonzaga_NewsTests.swift */; };
		62365302227A8FF30066CDE7 /* Gonzaga_NewsUITests.swift in Sources */ = {isa = PBXBuildFile; fileRef = 62365301227A8FF30066CDE7 /* Gonzaga_NewsUITests.swift */; };
		62365312227AA2DD0066CDE7 /* FiraCode-Regular.ttf in Resources */ = {isa = PBXBuildFile; fileRef = 62365311227AA2DA0066CDE7 /* FiraCode-Regular.ttf */; };
		62365319227AC7C50066CDE7 /* Main.storyboard in Resources */ = {isa = PBXBuildFile; fileRef = 62365318227AC7C50066CDE7 /* Main.storyboard */; };
		8A2078B9560F4C5BFFCF675A /* Pods_Gonzaga_NewsTests.framework in Frameworks */ = {isa = PBXBuildFile; fileRef = 7055AB5BB5FAEE18BC4F95D9 /* Pods_Gonzaga_NewsTests.framework */; };
/* End PBXBuildFile section */

/* Begin PBXContainerItemProxy section */
		623652F3227A8FF30066CDE7 /* PBXContainerItemProxy */ = {
			isa = PBXContainerItemProxy;
			containerPortal = 623652D6227A8FF20066CDE7 /* Project object */;
			proxyType = 1;
			remoteGlobalIDString = 623652DD227A8FF20066CDE7;
			remoteInfo = "Gonzaga News";
		};
		623652FE227A8FF30066CDE7 /* PBXContainerItemProxy */ = {
			isa = PBXContainerItemProxy;
			containerPortal = 623652D6227A8FF20066CDE7 /* Project object */;
			proxyType = 1;
			remoteGlobalIDString = 623652DD227A8FF20066CDE7;
			remoteInfo = "Gonzaga News";
		};
/* End PBXContainerItemProxy section */

/* Begin PBXFileReference section */
		0D6AAC2269B99934F39E1C52 /* Pods_Gonzaga_NewsUITests.framework */ = {isa = PBXFileReference; explicitFileType = wrapper.framework; includeInIndex = 0; path = Pods_Gonzaga_NewsUITests.framework; sourceTree = BUILT_PRODUCTS_DIR; };
		39337A5201D526A92D476846 /* Pods-Gonzaga NewsTests.release.xcconfig */ = {isa = PBXFileReference; includeInIndex = 1; lastKnownFileType = text.xcconfig; name = "Pods-Gonzaga NewsTests.release.xcconfig"; path = "Pods/Target Support Files/Pods-Gonzaga NewsTests/Pods-Gonzaga NewsTests.release.xcconfig"; sourceTree = "<group>"; };
		623652DE227A8FF20066CDE7 /* Gonzaga News.app */ = {isa = PBXFileReference; explicitFileType = wrapper.application; includeInIndex = 0; path = "Gonzaga News.app"; sourceTree = BUILT_PRODUCTS_DIR; };
		623652E1227A8FF20066CDE7 /* AppDelegate.swift */ = {isa = PBXFileReference; lastKnownFileType = sourcecode.swift; path = AppDelegate.swift; sourceTree = "<group>"; };
		623652E3227A8FF20066CDE7 /* ViewController.swift */ = {isa = PBXFileReference; lastKnownFileType = sourcecode.swift; path = ViewController.swift; sourceTree = "<group>"; };
		623652E8227A8FF30066CDE7 /* Assets.xcassets */ = {isa = PBXFileReference; lastKnownFileType = folder.assetcatalog; path = Assets.xcassets; sourceTree = "<group>"; };
		623652EB227A8FF30066CDE7 /* Base */ = {isa = PBXFileReference; lastKnownFileType = file.storyboard; name = Base; path = Base.lproj/LaunchScreen.storyboard; sourceTree = "<group>"; };
		623652ED227A8FF30066CDE7 /* Info.plist */ = {isa = PBXFileReference; lastKnownFileType = text.plist.xml; path = Info.plist; sourceTree = "<group>"; };
		623652F2227A8FF30066CDE7 /* Gonzaga NewsTests.xctest */ = {isa = PBXFileReference; explicitFileType = wrapper.cfbundle; includeInIndex = 0; path = "Gonzaga NewsTests.xctest"; sourceTree = BUILT_PRODUCTS_DIR; };
		623652F6227A8FF30066CDE7 /* Gonzaga_NewsTests.swift */ = {isa = PBXFileReference; lastKnownFileType = sourcecode.swift; path = Gonzaga_NewsTests.swift; sourceTree = "<group>"; };
		623652F8227A8FF30066CDE7 /* Info.plist */ = {isa = PBXFileReference; lastKnownFileType = text.plist.xml; path = Info.plist; sourceTree = "<group>"; };
		623652FD227A8FF30066CDE7 /* Gonzaga NewsUITests.xctest */ = {isa = PBXFileReference; explicitFileType = wrapper.cfbundle; includeInIndex = 0; path = "Gonzaga NewsUITests.xctest"; sourceTree = BUILT_PRODUCTS_DIR; };
		62365301227A8FF30066CDE7 /* Gonzaga_NewsUITests.swift */ = {isa = PBXFileReference; lastKnownFileType = sourcecode.swift; path = Gonzaga_NewsUITests.swift; sourceTree = "<group>"; };
		62365303227A8FF30066CDE7 /* Info.plist */ = {isa = PBXFileReference; lastKnownFileType = text.plist.xml; path = Info.plist; sourceTree = "<group>"; };
		62365311227AA2DA0066CDE7 /* FiraCode-Regular.ttf */ = {isa = PBXFileReference; lastKnownFileType = file; name = "FiraCode-Regular.ttf"; path = "/Users/mpeters4/Desktop/Gonzaga News/Gonzaga News/FiraCode-Regular.ttf"; sourceTree = "<absolute>"; };
		62365318227AC7C50066CDE7 /* Main.storyboard */ = {isa = PBXFileReference; lastKnownFileType = file.storyboard; path = Main.storyboard; sourceTree = "<group>"; };
		7055AB5BB5FAEE18BC4F95D9 /* Pods_Gonzaga_NewsTests.framework */ = {isa = PBXFileReference; explicitFileType = wrapper.framework; includeInIndex = 0; path = Pods_Gonzaga_NewsTests.framework; sourceTree = BUILT_PRODUCTS_DIR; };
		8C1F17DB15E5F6AD57AA10F1 /* Pods-Gonzaga NewsTests.debug.xcconfig */ = {isa = PBXFileReference; includeInIndex = 1; lastKnownFileType = text.xcconfig; name = "Pods-Gonzaga NewsTests.debug.xcconfig"; path = "Pods/Target Support Files/Pods-Gonzaga NewsTests/Pods-Gonzaga NewsTests.debug.xcconfig"; sourceTree = "<group>"; };
		B307F691F2F9C733323E6C00 /* Pods-Gonzaga NewsUITests.debug.xcconfig */ = {isa = PBXFileReference; includeInIndex = 1; lastKnownFileType = text.xcconfig; name = "Pods-Gonzaga NewsUITests.debug.xcconfig"; path = "Pods/Target Support Files/Pods-Gonzaga NewsUITests/Pods-Gonzaga NewsUITests.debug.xcconfig"; sourceTree = "<group>"; };
		D751ED9028B30ED09339345C /* Pods-Gonzaga News.debug.xcconfig */ = {isa = PBXFileReference; includeInIndex = 1; lastKnownFileType = text.xcconfig; name = "Pods-Gonzaga News.debug.xcconfig"; path = "Pods/Target Support Files/Pods-Gonzaga News/Pods-Gonzaga News.debug.xcconfig"; sourceTree = "<group>"; };
		DDD8367224D7C5BBBD452DE5 /* Pods_Gonzaga_News.framework */ = {isa = PBXFileReference; explicitFileType = wrapper.framework; includeInIndex = 0; path = Pods_Gonzaga_News.framework; sourceTree = BUILT_PRODUCTS_DIR; };
		DFFAFEFF97A528C6B528B29D /* Pods-Gonzaga NewsUITests.release.xcconfig */ = {isa = PBXFileReference; includeInIndex = 1; lastKnownFileType = text.xcconfig; name = "Pods-Gonzaga NewsUITests.release.xcconfig"; path = "Pods/Target Support Files/Pods-Gonzaga NewsUITests/Pods-Gonzaga NewsUITests.release.xcconfig"; sourceTree = "<group>"; };
		F847CCB492D766A78E4E58F7 /* Pods-Gonzaga News.release.xcconfig */ = {isa = PBXFileReference; includeInIndex = 1; lastKnownFileType = text.xcconfig; name = "Pods-Gonzaga News.release.xcconfig"; path = "Pods/Target Support Files/Pods-Gonzaga News/Pods-Gonzaga News.release.xcconfig"; sourceTree = "<group>"; };
/* End PBXFileReference section */

/* Begin PBXFrameworksBuildPhase section */
		623652DB227A8FF20066CDE7 /* Frameworks */ = {
			isa = PBXFrameworksBuildPhase;
			buildActionMask = 2147483647;
			files = (
				1249934028BDBE06FB595987 /* Pods_Gonzaga_News.framework in Frameworks */,
			);
			runOnlyForDeploymentPostprocessing = 0;
		};
		623652EF227A8FF30066CDE7 /* Frameworks */ = {
			isa = PBXFrameworksBuildPhase;
			buildActionMask = 2147483647;
			files = (
				8A2078B9560F4C5BFFCF675A /* Pods_Gonzaga_NewsTests.framework in Frameworks */,
			);
			runOnlyForDeploymentPostprocessing = 0;
		};
		623652FA227A8FF30066CDE7 /* Frameworks */ = {
			isa = PBXFrameworksBuildPhase;
			buildActionMask = 2147483647;
			files = (
				3F0506B469D88D3465CB4D53 /* Pods_Gonzaga_NewsUITests.framework in Frameworks */,
			);
			runOnlyForDeploymentPostprocessing = 0;
		};
/* End PBXFrameworksBuildPhase section */

/* Begin PBXGroup section */
		2C075D9669AF88BFF0E59796 /* Frameworks */ = {
			isa = PBXGroup;
			children = (
				DDD8367224D7C5BBBD452DE5 /* Pods_Gonzaga_News.framework */,
				7055AB5BB5FAEE18BC4F95D9 /* Pods_Gonzaga_NewsTests.framework */,
				0D6AAC2269B99934F39E1C52 /* Pods_Gonzaga_NewsUITests.framework */,
			);
			name = Frameworks;
			sourceTree = "<group>";
		};
		623652D5227A8FF20066CDE7 = {
			isa = PBXGroup;
			children = (
				623652E0227A8FF20066CDE7 /* Gonzaga News */,
				623652F5227A8FF30066CDE7 /* Gonzaga NewsTests */,
				62365300227A8FF30066CDE7 /* Gonzaga NewsUITests */,
				623652DF227A8FF20066CDE7 /* Products */,
				FA6648163CC737B2C4DC386A /* Pods */,
				2C075D9669AF88BFF0E59796 /* Frameworks */,
			);
			sourceTree = "<group>";
		};
		623652DF227A8FF20066CDE7 /* Products */ = {
			isa = PBXGroup;
			children = (
				623652DE227A8FF20066CDE7 /* Gonzaga News.app */,
				623652F2227A8FF30066CDE7 /* Gonzaga NewsTests.xctest */,
				623652FD227A8FF30066CDE7 /* Gonzaga NewsUITests.xctest */,
			);
			name = Products;
			sourceTree = "<group>";
		};
		623652E0227A8FF20066CDE7 /* Gonzaga News */ = {
			isa = PBXGroup;
			children = (
				62365311227AA2DA0066CDE7 /* FiraCode-Regular.ttf */,
				623652E1227A8FF20066CDE7 /* AppDelegate.swift */,
				623652E3227A8FF20066CDE7 /* ViewController.swift */,
				623652E8227A8FF30066CDE7 /* Assets.xcassets */,
				623652EA227A8FF30066CDE7 /* LaunchScreen.storyboard */,
				623652ED227A8FF30066CDE7 /* Info.plist */,
				62365318227AC7C50066CDE7 /* Main.storyboard */,
			);
			path = "Gonzaga News";
			sourceTree = "<group>";
		};
		623652F5227A8FF30066CDE7 /* Gonzaga NewsTests */ = {
			isa = PBXGroup;
			children = (
				623652F6227A8FF30066CDE7 /* Gonzaga_NewsTests.swift */,
				623652F8227A8FF30066CDE7 /* Info.plist */,
			);
			path = "Gonzaga NewsTests";
			sourceTree = "<group>";
		};
		62365300227A8FF30066CDE7 /* Gonzaga NewsUITests */ = {
			isa = PBXGroup;
			children = (
				62365301227A8FF30066CDE7 /* Gonzaga_NewsUITests.swift */,
				62365303227A8FF30066CDE7 /* Info.plist */,
			);
			path = "Gonzaga NewsUITests";
			sourceTree = "<group>";
		};
		FA6648163CC737B2C4DC386A /* Pods */ = {
			isa = PBXGroup;
			children = (
				D751ED9028B30ED09339345C /* Pods-Gonzaga News.debug.xcconfig */,
				F847CCB492D766A78E4E58F7 /* Pods-Gonzaga News.release.xcconfig */,
				8C1F17DB15E5F6AD57AA10F1 /* Pods-Gonzaga NewsTests.debug.xcconfig */,
				39337A5201D526A92D476846 /* Pods-Gonzaga NewsTests.release.xcconfig */,
				B307F691F2F9C733323E6C00 /* Pods-Gonzaga NewsUITests.debug.xcconfig */,
				DFFAFEFF97A528C6B528B29D /* Pods-Gonzaga NewsUITests.release.xcconfig */,
			);
			name = Pods;
			sourceTree = "<group>";
		};
/* End PBXGroup section */

/* Begin PBXNativeTarget section */
		623652DD227A8FF20066CDE7 /* Gonzaga News */ = {
			isa = PBXNativeTarget;
			buildConfigurationList = 62365306227A8FF30066CDE7 /* Build configuration list for PBXNativeTarget "Gonzaga News" */;
			buildPhases = (
				7D3C377836431315C2096935 /* [CP] Check Pods Manifest.lock */,
				623652DA227A8FF20066CDE7 /* Sources */,
				623652DB227A8FF20066CDE7 /* Frameworks */,
				623652DC227A8FF20066CDE7 /* Resources */,
				996061F9F50CA6ACB3E9253A /* [CP] Embed Pods Frameworks */,
			);
			buildRules = (
			);
			dependencies = (
			);
			name = "Gonzaga News";
			productName = "Gonzaga News";
			productReference = 623652DE227A8FF20066CDE7 /* Gonzaga News.app */;
			productType = "com.apple.product-type.application";
		};
		623652F1227A8FF30066CDE7 /* Gonzaga NewsTests */ = {
			isa = PBXNativeTarget;
			buildConfigurationList = 62365309227A8FF30066CDE7 /* Build configuration list for PBXNativeTarget "Gonzaga NewsTests" */;
			buildPhases = (
				F800BC116CBE054C909CA77D /* [CP] Check Pods Manifest.lock */,
				623652EE227A8FF30066CDE7 /* Sources */,
				623652EF227A8FF30066CDE7 /* Frameworks */,
				623652F0227A8FF30066CDE7 /* Resources */,
			);
			buildRules = (
			);
			dependencies = (
				623652F4227A8FF30066CDE7 /* PBXTargetDependency */,
			);
			name = "Gonzaga NewsTests";
			productName = "Gonzaga NewsTests";
			productReference = 623652F2227A8FF30066CDE7 /* Gonzaga NewsTests.xctest */;
			productType = "com.apple.product-type.bundle.unit-test";
		};
		623652FC227A8FF30066CDE7 /* Gonzaga NewsUITests */ = {
			isa = PBXNativeTarget;
			buildConfigurationList = 6236530C227A8FF30066CDE7 /* Build configuration list for PBXNativeTarget "Gonzaga NewsUITests" */;
			buildPhases = (
				84785FDC05BF84ABB05E615E /* [CP] Check Pods Manifest.lock */,
				623652F9227A8FF30066CDE7 /* Sources */,
				623652FA227A8FF30066CDE7 /* Frameworks */,
				623652FB227A8FF30066CDE7 /* Resources */,
			);
			buildRules = (
			);
			dependencies = (
				623652FF227A8FF30066CDE7 /* PBXTargetDependency */,
			);
			name = "Gonzaga NewsUITests";
			productName = "Gonzaga NewsUITests";
			productReference = 623652FD227A8FF30066CDE7 /* Gonzaga NewsUITests.xctest */;
			productType = "com.apple.product-type.bundle.ui-testing";
		};
/* End PBXNativeTarget section */

/* Begin PBXProject section */
		623652D6227A8FF20066CDE7 /* Project object */ = {
			isa = PBXProject;
			attributes = {
				LastSwiftUpdateCheck = 0940;
				LastUpgradeCheck = 0940;
				ORGANIZATIONNAME = northw.st;
				TargetAttributes = {
					623652DD227A8FF20066CDE7 = {
						CreatedOnToolsVersion = 9.4;
					};
					623652F1227A8FF30066CDE7 = {
						CreatedOnToolsVersion = 9.4;
						TestTargetID = 623652DD227A8FF20066CDE7;
					};
					623652FC227A8FF30066CDE7 = {
						CreatedOnToolsVersion = 9.4;
						TestTargetID = 623652DD227A8FF20066CDE7;
					};
				};
			};
			buildConfigurationList = 623652D9227A8FF20066CDE7 /* Build configuration list for PBXProject "Gonzaga News" */;
			compatibilityVersion = "Xcode 9.3";
			developmentRegion = en;
			hasScannedForEncodings = 0;
			knownRegions = (
				en,
				Base,
			);
			mainGroup = 623652D5227A8FF20066CDE7;
			productRefGroup = 623652DF227A8FF20066CDE7 /* Products */;
			projectDirPath = "";
			projectRoot = "";
			targets = (
				623652DD227A8FF20066CDE7 /* Gonzaga News */,
				623652F1227A8FF30066CDE7 /* Gonzaga NewsTests */,
				623652FC227A8FF30066CDE7 /* Gonzaga NewsUITests */,
			);
		};
/* End PBXProject section */

/* Begin PBXResourcesBuildPhase section */
		623652DC227A8FF20066CDE7 /* Resources */ = {
			isa = PBXResourcesBuildPhase;
			buildActionMask = 2147483647;
			files = (
				62365312227AA2DD0066CDE7 /* FiraCode-Regular.ttf in Resources */,
				623652EC227A8FF30066CDE7 /* LaunchScreen.storyboard in Resources */,
				623652E9227A8FF30066CDE7 /* Assets.xcassets in Resources */,
				62365319227AC7C50066CDE7 /* Main.storyboard in Resources */,
			);
			runOnlyForDeploymentPostprocessing = 0;
		};
		623652F0227A8FF30066CDE7 /* Resources */ = {
			isa = PBXResourcesBuildPhase;
			buildActionMask = 2147483647;
			files = (
			);
			runOnlyForDeploymentPostprocessing = 0;
		};
		623652FB227A8FF30066CDE7 /* Resources */ = {
			isa = PBXResourcesBuildPhase;
			buildActionMask = 2147483647;
			files = (
			);
			runOnlyForDeploymentPostprocessing = 0;
		};
/* End PBXResourcesBuildPhase section */

/* Begin PBXShellScriptBuildPhase section */
		7D3C377836431315C2096935 /* [CP] Check Pods Manifest.lock */ = {
			isa = PBXShellScriptBuildPhase;
			buildActionMask = 2147483647;
			files = (
			);
			inputPaths = (
				"${PODS_PODFILE_DIR_PATH}/Podfile.lock",
				"${PODS_ROOT}/Manifest.lock",
			);
			name = "[CP] Check Pods Manifest.lock";
			outputPaths = (
				"$(DERIVED_FILE_DIR)/Pods-Gonzaga News-checkManifestLockResult.txt",
			);
			runOnlyForDeploymentPostprocessing = 0;
			shellPath = /bin/sh;
			shellScript = "diff \"${PODS_PODFILE_DIR_PATH}/Podfile.lock\" \"${PODS_ROOT}/Manifest.lock\" > /dev/null\nif [ $? != 0 ] ; then\n    # print error to STDERR\n    echo \"error: The sandbox is not in sync with the Podfile.lock. Run 'pod install' or update your CocoaPods installation.\" >&2\n    exit 1\nfi\n# This output is used by Xcode 'outputs' to avoid re-running this script phase.\necho \"SUCCESS\" > \"${SCRIPT_OUTPUT_FILE_0}\"\n";
			showEnvVarsInLog = 0;
		};
		84785FDC05BF84ABB05E615E /* [CP] Check Pods Manifest.lock */ = {
			isa = PBXShellScriptBuildPhase;
			buildActionMask = 2147483647;
			files = (
			);
			inputPaths = (
				"${PODS_PODFILE_DIR_PATH}/Podfile.lock",
				"${PODS_ROOT}/Manifest.lock",
			);
			name = "[CP] Check Pods Manifest.lock";
			outputPaths = (
				"$(DERIVED_FILE_DIR)/Pods-Gonzaga NewsUITests-checkManifestLockResult.txt",
			);
			runOnlyForDeploymentPostprocessing = 0;
			shellPath = /bin/sh;
			shellScript = "diff \"${PODS_PODFILE_DIR_PATH}/Podfile.lock\" \"${PODS_ROOT}/Manifest.lock\" > /dev/null\nif [ $? != 0 ] ; then\n    # print error to STDERR\n    echo \"error: The sandbox is not in sync with the Podfile.lock. Run 'pod install' or update your CocoaPods installation.\" >&2\n    exit 1\nfi\n# This output is used by Xcode 'outputs' to avoid re-running this script phase.\necho \"SUCCESS\" > \"${SCRIPT_OUTPUT_FILE_0}\"\n";
			showEnvVarsInLog = 0;
		};
		996061F9F50CA6ACB3E9253A /* [CP] Embed Pods Frameworks */ = {
			isa = PBXShellScriptBuildPhase;
			buildActionMask = 2147483647;
			files = (
			);
			inputPaths = (
				"${SRCROOT}/Pods/Target Support Files/Pods-Gonzaga News/Pods-Gonzaga News-frameworks.sh",
				"${BUILT_PRODUCTS_DIR}/Alamofire/Alamofire.framework",
				"${BUILT_PRODUCTS_DIR}/Kanna/Kanna.framework",
			);
			name = "[CP] Embed Pods Frameworks";
			outputPaths = (
				"${TARGET_BUILD_DIR}/${FRAMEWORKS_FOLDER_PATH}/Alamofire.framework",
				"${TARGET_BUILD_DIR}/${FRAMEWORKS_FOLDER_PATH}/Kanna.framework",
			);
			runOnlyForDeploymentPostprocessing = 0;
			shellPath = /bin/sh;
			shellScript = "\"${SRCROOT}/Pods/Target Support Files/Pods-Gonzaga News/Pods-Gonzaga News-frameworks.sh\"\n";
			showEnvVarsInLog = 0;
		};
		F800BC116CBE054C909CA77D /* [CP] Check Pods Manifest.lock */ = {
			isa = PBXShellScriptBuildPhase;
			buildActionMask = 2147483647;
			files = (
			);
			inputPaths = (
				"${PODS_PODFILE_DIR_PATH}/Podfile.lock",
				"${PODS_ROOT}/Manifest.lock",
			);
			name = "[CP] Check Pods Manifest.lock";
			outputPaths = (
				"$(DERIVED_FILE_DIR)/Pods-Gonzaga NewsTests-checkManifestLockResult.txt",
			);
			runOnlyForDeploymentPostprocessing = 0;
			shellPath = /bin/sh;
			shellScript = "diff \"${PODS_PODFILE_DIR_PATH}/Podfile.lock\" \"${PODS_ROOT}/Manifest.lock\" > /dev/null\nif [ $? != 0 ] ; then\n    # print error to STDERR\n    echo \"error: The sandbox is not in sync with the Podfile.lock. Run 'pod install' or update your CocoaPods installation.\" >&2\n    exit 1\nfi\n# This output is used by Xcode 'outputs' to avoid re-running this script phase.\necho \"SUCCESS\" > \"${SCRIPT_OUTPUT_FILE_0}\"\n";
			showEnvVarsInLog = 0;
		};
/* End PBXShellScriptBuildPhase section */

/* Begin PBXSourcesBuildPhase section */
		623652DA227A8FF20066CDE7 /* Sources */ = {
			isa = PBXSourcesBuildPhase;
			buildActionMask = 2147483647;
			files = (
				623652E4227A8FF20066CDE7 /* ViewController.swift in Sources */,
				623652E2227A8FF20066CDE7 /* AppDelegate.swift in Sources */,
			);
			runOnlyForDeploymentPostprocessing = 0;
		};
		623652EE227A8FF30066CDE7 /* Sources */ = {
			isa = PBXSourcesBuildPhase;
			buildActionMask = 2147483647;
			files = (
				623652F7227A8FF30066CDE7 /* Gonzaga_NewsTests.swift in Sources */,
			);
			runOnlyForDeploymentPostprocessing = 0;
		};
		623652F9227A8FF30066CDE7 /* Sources */ = {
			isa = PBXSourcesBuildPhase;
			buildActionMask = 2147483647;
			files = (
				62365302227A8FF30066CDE7 /* Gonzaga_NewsUITests.swift in Sources */,
			);
			runOnlyForDeploymentPostprocessing = 0;
		};
/* End PBXSourcesBuildPhase section */

/* Begin PBXTargetDependency section */
		623652F4227A8FF30066CDE7 /* PBXTargetDependency */ = {
			isa = PBXTargetDependency;
			target = 623652DD227A8FF20066CDE7 /* Gonzaga News */;
			targetProxy = 623652F3227A8FF30066CDE7 /* PBXContainerItemProxy */;
		};
		623652FF227A8FF30066CDE7 /* PBXTargetDependency */ = {
			isa = PBXTargetDependency;
			target = 623652DD227A8FF20066CDE7 /* Gonzaga News */;
			targetProxy = 623652FE227A8FF30066CDE7 /* PBXContainerItemProxy */;
		};
/* End PBXTargetDependency section */

/* Begin PBXVariantGroup section */
		623652EA227A8FF30066CDE7 /* LaunchScreen.storyboard */ = {
			isa = PBXVariantGroup;
			children = (
				623652EB227A8FF30066CDE7 /* Base */,
			);
			name = LaunchScreen.storyboard;
			sourceTree = "<group>";
		};
/* End PBXVariantGroup section */

/* Begin XCBuildConfiguration section */
		62365304227A8FF30066CDE7 /* Debug */ = {
			isa = XCBuildConfiguration;
			buildSettings = {
				ALWAYS_SEARCH_USER_PATHS = NO;
				CLANG_ANALYZER_NONNULL = YES;
				CLANG_ANALYZER_NUMBER_OBJECT_CONVERSION = YES_AGGRESSIVE;
				CLANG_CXX_LANGUAGE_STANDARD = "gnu++14";
				CLANG_CXX_LIBRARY = "libc++";
				CLANG_ENABLE_MODULES = YES;
				CLANG_ENABLE_OBJC_ARC = YES;
				CLANG_ENABLE_OBJC_WEAK = YES;
				CLANG_WARN_BLOCK_CAPTURE_AUTORELEASING = YES;
				CLANG_WARN_BOOL_CONVERSION = YES;
				CLANG_WARN_COMMA = YES;
				CLANG_WARN_CONSTANT_CONVERSION = YES;
				CLANG_WARN_DEPRECATED_OBJC_IMPLEMENTATIONS = YES;
				CLANG_WARN_DIRECT_OBJC_ISA_USAGE = YES_ERROR;
				CLANG_WARN_DOCUMENTATION_COMMENTS = YES;
				CLANG_WARN_EMPTY_BODY = YES;
				CLANG_WARN_ENUM_CONVERSION = YES;
				CLANG_WARN_INFINITE_RECURSION = YES;
				CLANG_WARN_INT_CONVERSION = YES;
				CLANG_WARN_NON_LITERAL_NULL_CONVERSION = YES;
				CLANG_WARN_OBJC_IMPLICIT_RETAIN_SELF = YES;
				CLANG_WARN_OBJC_LITERAL_CONVERSION = YES;
				CLANG_WARN_OBJC_ROOT_CLASS = YES_ERROR;
				CLANG_WARN_RANGE_LOOP_ANALYSIS = YES;
				CLANG_WARN_STRICT_PROTOTYPES = YES;
				CLANG_WARN_SUSPICIOUS_MOVE = YES;
				CLANG_WARN_UNGUARDED_AVAILABILITY = YES_AGGRESSIVE;
				CLANG_WARN_UNREACHABLE_CODE = YES;
				CLANG_WARN__DUPLICATE_METHOD_MATCH = YES;
				CODE_SIGN_IDENTITY = "iPhone Developer";
				COPY_PHASE_STRIP = NO;
				DEBUG_INFORMATION_FORMAT = dwarf;
				ENABLE_STRICT_OBJC_MSGSEND = YES;
				ENABLE_TESTABILITY = YES;
				GCC_C_LANGUAGE_STANDARD = gnu11;
				GCC_DYNAMIC_NO_PIC = NO;
				GCC_NO_COMMON_BLOCKS = YES;
				GCC_OPTIMIZATION_LEVEL = 0;
				GCC_PREPROCESSOR_DEFINITIONS = (
					"DEBUG=1",
					"$(inherited)",
				);
				GCC_WARN_64_TO_32_BIT_CONVERSION = YES;
				GCC_WARN_ABOUT_RETURN_TYPE = YES_ERROR;
				GCC_WARN_UNDECLARED_SELECTOR = YES;
				GCC_WARN_UNINITIALIZED_AUTOS = YES_AGGRESSIVE;
				GCC_WARN_UNUSED_FUNCTION = YES;
				GCC_WARN_UNUSED_VARIABLE = YES;
				IPHONEOS_DEPLOYMENT_TARGET = 11.4;
				MTL_ENABLE_DEBUG_INFO = YES;
				ONLY_ACTIVE_ARCH = YES;
				SDKROOT = iphoneos;
				SWIFT_ACTIVE_COMPILATION_CONDITIONS = DEBUG;
				SWIFT_OPTIMIZATION_LEVEL = "-Onone";
			};
			name = Debug;
		};
		62365305227A8FF30066CDE7 /* Release */ = {
			isa = XCBuildConfiguration;
			buildSettings = {
				ALWAYS_SEARCH_USER_PATHS = NO;
				CLANG_ANALYZER_NONNULL = YES;
				CLANG_ANALYZER_NUMBER_OBJECT_CONVERSION = YES_AGGRESSIVE;
				CLANG_CXX_LANGUAGE_STANDARD = "gnu++14";
				CLANG_CXX_LIBRARY = "libc++";
				CLANG_ENABLE_MODULES = YES;
				CLANG_ENABLE_OBJC_ARC = YES;
				CLANG_ENABLE_OBJC_WEAK = YES;
				CLANG_WARN_BLOCK_CAPTURE_AUTORELEASING = YES;
				CLANG_WARN_BOOL_CONVERSION = YES;
				CLANG_WARN_COMMA = YES;
				CLANG_WARN_CONSTANT_CONVERSION = YES;
				CLANG_WARN_DEPRECATED_OBJC_IMPLEMENTATIONS = YES;
				CLANG_WARN_DIRECT_OBJC_ISA_USAGE = YES_ERROR;
				CLANG_WARN_DOCUMENTATION_COMMENTS = YES;
				CLANG_WARN_EMPTY_BODY = YES;
				CLANG_WARN_ENUM_CONVERSION = YES;
				CLANG_WARN_INFINITE_RECURSION = YES;
				CLANG_WARN_INT_CONVERSION = YES;
				CLANG_WARN_NON_LITERAL_NULL_CONVERSION = YES;
				CLANG_WARN_OBJC_IMPLICIT_RETAIN_SELF = YES;
				CLANG_WARN_OBJC_LITERAL_CONVERSION = YES;
				CLANG_WARN_OBJC_ROOT_CLASS = YES_ERROR;
				CLANG_WARN_RANGE_LOOP_ANALYSIS = YES;
				CLANG_WARN_STRICT_PROTOTYPES = YES;
				CLANG_WARN_SUSPICIOUS_MOVE = YES;
				CLANG_WARN_UNGUARDED_AVAILABILITY = YES_AGGRESSIVE;
				CLANG_WARN_UNREACHABLE_CODE = YES;
				CLANG_WARN__DUPLICATE_METHOD_MATCH = YES;
				CODE_SIGN_IDENTITY = "iPhone Developer";
				COPY_PHASE_STRIP = NO;
				DEBUG_INFORMATION_FORMAT = "dwarf-with-dsym";
				ENABLE_NS_ASSERTIONS = NO;
				ENABLE_STRICT_OBJC_MSGSEND = YES;
				GCC_C_LANGUAGE_STANDARD = gnu11;
				GCC_NO_COMMON_BLOCKS = YES;
				GCC_WARN_64_TO_32_BIT_CONVERSION = YES;
				GCC_WARN_ABOUT_RETURN_TYPE = YES_ERROR;
				GCC_WARN_UNDECLARED_SELECTOR = YES;
				GCC_WARN_UNINITIALIZED_AUTOS = YES_AGGRESSIVE;
				GCC_WARN_UNUSED_FUNCTION = YES;
				GCC_WARN_UNUSED_VARIABLE = YES;
				IPHONEOS_DEPLOYMENT_TARGET = 11.4;
				MTL_ENABLE_DEBUG_INFO = NO;
				SDKROOT = iphoneos;
				SWIFT_COMPILATION_MODE = wholemodule;
				SWIFT_OPTIMIZATION_LEVEL = "-O";
				VALIDATE_PRODUCT = YES;
			};
			name = Release;
		};
		62365307227A8FF30066CDE7 /* Debug */ = {
			isa = XCBuildConfiguration;
			baseConfigurationReference = D751ED9028B30ED09339345C /* Pods-Gonzaga News.debug.xcconfig */;
			buildSettings = {
				ASSETCATALOG_COMPILER_APPICON_NAME = AppIcon;
				CODE_SIGN_STYLE = Automatic;
				DEVELOPMENT_TEAM = H43AUM3LA2;
				INFOPLIST_FILE = "Gonzaga News/Info.plist";
				LD_RUNPATH_SEARCH_PATHS = (
					"$(inherited)",
					"@executable_path/Frameworks",
				);
				PRODUCT_BUNDLE_IDENTIFIER = "st.northw.Gonzaga-News";
				PRODUCT_NAME = "$(TARGET_NAME)";
				SWIFT_VERSION = 4.0;
				TARGETED_DEVICE_FAMILY = "1,2";
			};
			name = Debug;
		};
		62365308227A8FF30066CDE7 /* Release */ = {
			isa = XCBuildConfiguration;
			baseConfigurationReference = F847CCB492D766A78E4E58F7 /* Pods-Gonzaga News.release.xcconfig */;
			buildSettings = {
				ASSETCATALOG_COMPILER_APPICON_NAME = AppIcon;
				CODE_SIGN_STYLE = Automatic;
				DEVELOPMENT_TEAM = H43AUM3LA2;
				INFOPLIST_FILE = "Gonzaga News/Info.plist";
				LD_RUNPATH_SEARCH_PATHS = (
					"$(inherited)",
					"@executable_path/Frameworks",
				);
				PRODUCT_BUNDLE_IDENTIFIER = "st.northw.Gonzaga-News";
				PRODUCT_NAME = "$(TARGET_NAME)";
				SWIFT_VERSION = 4.0;
				TARGETED_DEVICE_FAMILY = "1,2";
			};
			name = Release;
		};
		6236530A227A8FF30066CDE7 /* Debug */ = {
			isa = XCBuildConfiguration;
			baseConfigurationReference = 8C1F17DB15E5F6AD57AA10F1 /* Pods-Gonzaga NewsTests.debug.xcconfig */;
			buildSettings = {
				ALWAYS_EMBED_SWIFT_STANDARD_LIBRARIES = YES;
				BUNDLE_LOADER = "$(TEST_HOST)";
				CODE_SIGN_STYLE = Automatic;
				DEVELOPMENT_TEAM = H43AUM3LA2;
				INFOPLIST_FILE = "Gonzaga NewsTests/Info.plist";
				LD_RUNPATH_SEARCH_PATHS = (
					"$(inherited)",
					"@executable_path/Frameworks",
					"@loader_path/Frameworks",
				);
				PRODUCT_BUNDLE_IDENTIFIER = "st.northw.Gonzaga-NewsTests";
				PRODUCT_NAME = "$(TARGET_NAME)";
				SWIFT_VERSION = 4.0;
				TARGETED_DEVICE_FAMILY = "1,2";
				TEST_HOST = "$(BUILT_PRODUCTS_DIR)/Gonzaga News.app/Gonzaga News";
			};
			name = Debug;
		};
		6236530B227A8FF30066CDE7 /* Release */ = {
			isa = XCBuildConfiguration;
			baseConfigurationReference = 39337A5201D526A92D476846 /* Pods-Gonzaga NewsTests.release.xcconfig */;
			buildSettings = {
				ALWAYS_EMBED_SWIFT_STANDARD_LIBRARIES = YES;
				BUNDLE_LOADER = "$(TEST_HOST)";
				CODE_SIGN_STYLE = Automatic;
				DEVELOPMENT_TEAM = H43AUM3LA2;
				INFOPLIST_FILE = "Gonzaga NewsTests/Info.plist";
				LD_RUNPATH_SEARCH_PATHS = (
					"$(inherited)",
					"@executable_path/Frameworks",
					"@loader_path/Frameworks",
				);
				PRODUCT_BUNDLE_IDENTIFIER = "st.northw.Gonzaga-NewsTests";
				PRODUCT_NAME = "$(TARGET_NAME)";
				SWIFT_VERSION = 4.0;
				TARGETED_DEVICE_FAMILY = "1,2";
				TEST_HOST = "$(BUILT_PRODUCTS_DIR)/Gonzaga News.app/Gonzaga News";
			};
			name = Release;
		};
		6236530D227A8FF30066CDE7 /* Debug */ = {
			isa = XCBuildConfiguration;
			baseConfigurationReference = B307F691F2F9C733323E6C00 /* Pods-Gonzaga NewsUITests.debug.xcconfig */;
			buildSettings = {
				ALWAYS_EMBED_SWIFT_STANDARD_LIBRARIES = YES;
				CODE_SIGN_STYLE = Automatic;
				DEVELOPMENT_TEAM = H43AUM3LA2;
				INFOPLIST_FILE = "Gonzaga NewsUITests/Info.plist";
				LD_RUNPATH_SEARCH_PATHS = (
					"$(inherited)",
					"@executable_path/Frameworks",
					"@loader_path/Frameworks",
				);
				PRODUCT_BUNDLE_IDENTIFIER = "st.northw.Gonzaga-NewsUITests";
				PRODUCT_NAME = "$(TARGET_NAME)";
				SWIFT_VERSION = 4.0;
				TARGETED_DEVICE_FAMILY = "1,2";
				TEST_TARGET_NAME = "Gonzaga News";
			};
			name = Debug;
		};
		6236530E227A8FF30066CDE7 /* Release */ = {
			isa = XCBuildConfiguration;
			baseConfigurationReference = DFFAFEFF97A528C6B528B29D /* Pods-Gonzaga NewsUITests.release.xcconfig */;
			buildSettings = {
				ALWAYS_EMBED_SWIFT_STANDARD_LIBRARIES = YES;
				CODE_SIGN_STYLE = Automatic;
				DEVELOPMENT_TEAM = H43AUM3LA2;
				INFOPLIST_FILE = "Gonzaga NewsUITests/Info.plist";
				LD_RUNPATH_SEARCH_PATHS = (
					"$(inherited)",
					"@executable_path/Frameworks",
					"@loader_path/Frameworks",
				);
				PRODUCT_BUNDLE_IDENTIFIER = "st.northw.Gonzaga-NewsUITests";
				PRODUCT_NAME = "$(TARGET_NAME)";
				SWIFT_VERSION = 4.0;
				TARGETED_DEVICE_FAMILY = "1,2";
				TEST_TARGET_NAME = "Gonzaga News";
			};
			name = Release;
		};
/* End XCBuildConfiguration section */

/* Begin XCConfigurationList section */
		623652D9227A8FF20066CDE7 /* Build configuration list for PBXProject "Gonzaga News" */ = {
			isa = XCConfigurationList;
			buildConfigurations = (
				62365304227A8FF30066CDE7 /* Debug */,
				62365305227A8FF30066CDE7 /* Release */,
			);
			defaultConfigurationIsVisible = 0;
			defaultConfigurationName = Release;
		};
		62365306227A8FF30066CDE7 /* Build configuration list for PBXNativeTarget "Gonzaga News" */ = {
			isa = XCConfigurationList;
			buildConfigurations = (
				62365307227A8FF30066CDE7 /* Debug */,
				62365308227A8FF30066CDE7 /* Release */,
			);
			defaultConfigurationIsVisible = 0;
			defaultConfigurationName = Release;
		};
		62365309227A8FF30066CDE7 /* Build configuration list for PBXNativeTarget "Gonzaga NewsTests" */ = {
			isa = XCConfigurationList;
			buildConfigurations = (
				6236530A227A8FF30066CDE7 /* Debug */,
				6236530B227A8FF30066CDE7 /* Release */,
			);
			defaultConfigurationIsVisible = 0;
			defaultConfigurationName = Release;
		};
		6236530C227A8FF30066CDE7 /* Build configuration list for PBXNativeTarget "Gonzaga NewsUITests" */ = {
			isa = XCConfigurationList;
			buildConfigurations = (
				6236530D227A8FF30066CDE7 /* Debug */,
				6236530E227A8FF30066CDE7 /* Release */,
			);
			defaultConfigurationIsVisible = 0;
			defaultConfigurationName = Release;
		};
/* End XCConfigurationList section */
	};
	rootObject = 623652D6227A8FF20066CDE7 /* Project object */;
}
